{
  "name": "ai-cli",
  "version": "1.1.3",
  "lockfileVersion": 3,
  "requires": true,
  "packages": {
    "": {
      "name": "ai-cli",
      "version": "1.1.3",
      "license": "ISC",
      "dependencies": {
        "istextorbinary": "^9.5.0",
        "openai": "^5.8.2"
      },
      "bin": {
        "ai-cli": "bin/ai-cli"
      }
    },
    "node_modules/binaryextensions": {
      "version": "6.11.0",
      "resolved": "https://registry.npmjs.org/binaryextensions/-/binaryextensions-6.11.0.tgz",
      "integrity": "sha512-sXnYK/Ij80TO3lcqZVV2YgfKN5QjUWIRk/XSm2J/4bd/lPko3lvk0O4ZppH6m+6hB2/GTu+ptNwVFe1xh+QLQw==",
      "license": "Artistic-2.0",
      "dependencies": {
        "editions": "^6.21.0"
      },
      "engines": {
        "node": ">=4"
      },
      "funding": {
        "url": "https://bevry.me/fund"
      }
    },
    "node_modules/editions": {
      "version": "6.21.0",
      "resolved": "https://registry.npmjs.org/editions/-/editions-6.21.0.tgz",
      "integrity": "sha512-ofkXJtn7z0urokN62DI3SBo/5xAtF0rR7tn+S/bSYV79Ka8pTajIIl+fFQ1q88DQEImymmo97M4azY3WX/nUdg==",
      "license": "Artistic-2.0",
      "dependencies": {
        "version-range": "^4.13.0"
      },
      "engines": {
        "node": ">=4"
      },
      "funding": {
        "url": "https://bevry.me/fund"
      }
    },
    "node_modules/istextorbinary": {
      "version": "9.5.0",
      "resolved": "https://registry.npmjs.org/istextorbinary/-/istextorbinary-9.5.0.tgz",
      "integrity": "sha512-5mbUj3SiZXCuRf9fT3ibzbSSEWiy63gFfksmGfdOzujPjW3k+z8WvIBxcJHBoQNlaZaiyB25deviif2+osLmLw==",
      "license": "Artistic-2.0",
      "dependencies": {
        "binaryextensions": "^6.11.0",
        "editions": "^6.21.0",
        "textextensions": "^6.11.0"
      },
      "engines": {
        "node": ">=4"
      },
      "funding": {
        "url": "https://bevry.me/fund"
      }
    },
    "node_modules/openai": {
      "version": "5.8.2",
      "resolved": "https://registry.npmjs.org/openai/-/openai-5.8.2.tgz",
      "integrity": "sha512-8C+nzoHYgyYOXhHGN6r0fcb4SznuEn1R7YZMvlqDbnCuE0FM2mm3T1HiYW6WIcMS/F1Of2up/cSPjLPaWt0X9Q==",
      "license": "Apache-2.0",
      "bin": {
        "openai": "bin/cli"
      },
      "peerDependencies": {
        "ws": "^8.18.0",
        "zod": "^3.23.8"
      },
      "peerDependenciesMeta": {
        "ws": {
          "optional": true
        },
        "zod": {
          "optional": true
        }
      }
    },
    "node_modules/textextensions": {
      "version": "6.11.0",
      "resolved": "https://registry.npmjs.org/textextensions/-/textextensions-6.11.0.tgz",
      "integrity": "sha512-tXJwSr9355kFJI3lbCkPpUH5cP8/M0GGy2xLO34aZCjMXBaK3SoPnZwr/oWmo1FdCnELcs4npdCIOFtq9W3ruQ==",
      "license": "Artistic-2.0",
      "dependencies": {
        "editions": "^6.21.0"
      },
      "engines": {
        "node": ">=4"
      },
      "funding": {
        "url": "https://bevry.me/fund"
      }
    },
    "node_modules/version-range": {
      "version": "4.14.0",
      "resolved": "https://registry.npmjs.org/version-range/-/version-range-4.14.0.tgz",
      "integrity": "sha512-gjb0ARm9qlcBAonU4zPwkl9ecKkas+tC2CGwFfptTCWWIVTWY1YUbT2zZKsOAF1jR/tNxxyLwwG0cb42XlYcTg==",
      "license": "Artistic-2.0",
      "engines": {
        "node": ">=4"
      },
      "funding": {
        "url": "https://bevry.me/fund"
      }
    },
    "node_modules/ws": {
      "version": "8.18.2",
      "resolved": "https://registry.npmjs.org/ws/-/ws-8.18.2.tgz",
      "integrity": "sha512-DMricUmwGZUVr++AEAe2uiVM7UoO9MAVZMDu05UQOaUII0lp+zOzLLU4Xqh/JvTqklB1T4uELaaPBKyjE1r4fQ==",
      "license": "MIT",
      "optional": true,
      "peer": true,
      "engines": {
        "node": ">=10.0.0"
      },
      "peerDependencies": {
        "bufferutil": "^4.0.1",
        "utf-8-validate": ">=5.0.2"
      },
      "peerDependenciesMeta": {
        "bufferutil": {
          "optional": true
        },
        "utf-8-validate": {
          "optional": true
        }
      }
    }
  }
}
